// !$*UTF8*$!
{
	archiveVersion = 1;
	classes = {
	};
	objectVersion = 50;
	objects = {

/* Begin PBXBuildFile section */
		554CF8A2207642230094C321 /* AppDelegate.swift in Sources */ = {isa = PBXBuildFile; fileRef = 554CF8A1207642230094C321 /* AppDelegate.swift */; };
		554CF8A4207642240094C321 /* Assets.xcassets in Resources */ = {isa = PBXBuildFile; fileRef = 554CF8A3207642240094C321 /* Assets.xcassets */; };
		554CF8A7207642240094C321 /* MainMenu.xib in Resources */ = {isa = PBXBuildFile; fileRef = 554CF8A5207642240094C321 /* MainMenu.xib */; };
		93D8F75504A6836282509A0B /* libPods-TestNSUInteger.a in Frameworks */ = {isa = PBXBuildFile; fileRef = 58554663FD8C9168C51A4FFA /* libPods-TestNSUInteger.a */; };
/* End PBXBuildFile section */

/* Begin PBXFileReference section */
		047C6A0A3EC0D1DB708568A1 /* Pods-TestNSUInteger.release.xcconfig */ = {isa = PBXFileReference; includeInIndex = 1; lastKnownFileType = text.xcconfig; name = "Pods-TestNSUInteger.release.xcconfig"; path = "Pods/Target Support Files/Pods-TestNSUInteger/Pods-TestNSUInteger.release.xcconfig"; sourceTree = "<group>"; };
		554CF89E207642230094C321 /* TestNSUInteger.app */ = {isa = PBXFileReference; explicitFileType = wrapper.application; includeInIndex = 0; path = TestNSUInteger.app; sourceTree = BUILT_PRODUCTS_DIR; };
		554CF8A1207642230094C321 /* AppDelegate.swift */ = {isa = PBXFileReference; lastKnownFileType = sourcecode.swift; path = AppDelegate.swift; sourceTree = "<group>"; };
		554CF8A3207642240094C321 /* Assets.xcassets */ = {isa = PBXFileReference; lastKnownFileType = folder.assetcatalog; path = Assets.xcassets; sourceTree = "<group>"; };
		554CF8A6207642240094C321 /* Base */ = {isa = PBXFileReference; lastKnownFileType = file.xib; name = Base; path = Base.lproj/MainMenu.xib; sourceTree = "<group>"; };
		554CF8A8207642240094C321 /* Info.plist */ = {isa = PBXFileReference; lastKnownFileType = text.plist.xml; path = Info.plist; sourceTree = "<group>"; };
		554CF8A9207642240094C321 /* TestNSUInteger.entitlements */ = {isa = PBXFileReference; lastKnownFileType = text.plist.entitlements; path = TestNSUInteger.entitlements; sourceTree = "<group>"; };
		58554663FD8C9168C51A4FFA /* libPods-TestNSUInteger.a */ = {isa = PBXFileReference; explicitFileType = archive.ar; includeInIndex = 0; path = "libPods-TestNSUInteger.a"; sourceTree = BUILT_PRODUCTS_DIR; };
		A272D2E9F274E003EF0C8968 /* Pods-TestNSUInteger.debug.xcconfig */ = {isa = PBXFileReference; includeInIndex = 1; lastKnownFileType = text.xcconfig; name = "Pods-TestNSUInteger.debug.xcconfig"; path = "Pods/Target Support Files/Pods-TestNSUInteger/Pods-TestNSUInteger.debug.xcconfig"; sourceTree = "<group>"; };
/* End PBXFileReference section */

/* Begin PBXFrameworksBuildPhase section */
		554CF89B207642230094C321 /* Frameworks */ = {
			isa = PBXFrameworksBuildPhase;
			buildActionMask = 2147483647;
			files = (
				93D8F75504A6836282509A0B /* libPods-TestNSUInteger.a in Frameworks */,
			);
			runOnlyForDeploymentPostprocessing = 0;
		};
/* End PBXFrameworksBuildPhase section */

/* Begin PBXGroup section */
		554CF895207642230094C321 = {
			isa = PBXGroup;
			children = (
				554CF8A0207642230094C321 /* TestNSUInteger */,
				554CF89F207642230094C321 /* Products */,
				F391159D9E15F3A8CEC95534 /* Pods */,
				E8AE460AA6716738EE798018 /* Frameworks */,
			);
			sourceTree = "<group>";
		};
		554CF89F207642230094C321 /* Products */ = {
			isa = PBXGroup;
			children = (
				554CF89E207642230094C321 /* TestNSUInteger.app */,
			);
			name = Products;
			sourceTree = "<group>";
		};
		554CF8A0207642230094C321 /* TestNSUInteger */ = {
			isa = PBXGroup;
			children = (
				554CF8A1207642230094C321 /* AppDelegate.swift */,
				554CF8A3207642240094C321 /* Assets.xcassets */,
				554CF8A5207642240094C321 /* MainMenu.xib */,
				554CF8A8207642240094C321 /* Info.plist */,
				554CF8A9207642240094C321 /* TestNSUInteger.entitlements */,
			);
			path = TestNSUInteger;
			sourceTree = "<group>";
		};
		E8AE460AA6716738EE798018 /* Frameworks */ = {
			isa = PBXGroup;
			children = (
				58554663FD8C9168C51A4FFA /* libPods-TestNSUInteger.a */,
			);
			name = Frameworks;
			sourceTree = "<group>";
		};
		F391159D9E15F3A8CEC95534 /* Pods */ = {
			isa = PBXGroup;
			children = (
				A272D2E9F274E003EF0C8968 /* Pods-TestNSUInteger.debug.xcconfig */,
				047C6A0A3EC0D1DB708568A1 /* Pods-TestNSUInteger.release.xcconfig */,
			);
			name = Pods;
			sourceTree = "<group>";
		};
/* End PBXGroup section */

/* Begin PBXNativeTarget section */
		554CF89D207642230094C321 /* TestNSUInteger */ = {
			isa = PBXNativeTarget;
			buildConfigurationList = 554CF8AC207642240094C321 /* Build configuration list for PBXNativeTarget "TestNSUInteger" */;
			buildPhases = (
				F8754D383F8044BC2D6AE2AF /* [CP] Check Pods Manifest.lock */,
				554CF89A207642230094C321 /* Sources */,
				554CF89B207642230094C321 /* Frameworks */,
				554CF89C207642230094C321 /* Resources */,
			);
			buildRules = (
			);
			dependencies = (
			);
			name = TestNSUInteger;
			productName = TestNSUInteger;
			productReference = 554CF89E207642230094C321 /* TestNSUInteger.app */;
			productType = "com.apple.product-type.application";
		};
/* End PBXNativeTarget section */

/* Begin PBXProject section */
		554CF896207642230094C321 /* Project object */ = {
			isa = PBXProject;
			attributes = {
				LastSwiftUpdateCheck = 0930;
				LastUpgradeCheck = 0930;
				TargetAttributes = {
					554CF89D207642230094C321 = {
						CreatedOnToolsVersion = 9.3;
					};
				};
			};
			buildConfigurationList = 554CF899207642230094C321 /* Build configuration list for PBXProject "TestNSUInteger" */;
			compatibilityVersion = "Xcode 9.3";
			developmentRegion = en;
			hasScannedForEncodings = 0;
			knownRegions = (
				en,
				Base,
			);
			mainGroup = 554CF895207642230094C321;
			productRefGroup = 554CF89F207642230094C321 /* Products */;
			projectDirPath = "";
			projectRoot = "";
			targets = (
				554CF89D207642230094C321 /* TestNSUInteger */,
			);
		};
/* End PBXProject section */

/* Begin PBXResourcesBuildPhase section */
		554CF89C207642230094C321 /* Resources */ = {
			isa = PBXResourcesBuildPhase;
			buildActionMask = 2147483647;
			files = (
				554CF8A4207642240094C321 /* Assets.xcassets in Resources */,
				554CF8A7207642240094C321 /* MainMenu.xib in Resources */,
			);
			runOnlyForDeploymentPostprocessing = 0;
		};
/* End PBXResourcesBuildPhase section */

/* Begin PBXShellScriptBuildPhase section */
		F8754D383F8044BC2D6AE2AF /* [CP] Check Pods Manifest.lock */ = {
			isa = PBXShellScriptBuildPhase;
			buildActionMask = 2147483647;
			files = (
			);
			inputPaths = (
				"${PODS_PODFILE_DIR_PATH}/Podfile.lock",
				"${PODS_ROOT}/Manifest.lock",
			);
			name = "[CP] Check Pods Manifest.lock";
			outputPaths = (
				"$(DERIVED_FILE_DIR)/Pods-TestNSUInteger-checkManifestLockResult.txt",
			);
			runOnlyForDeploymentPostprocessing = 0;
			shellPath = /bin/sh;
			shellScript = "diff \"${PODS_PODFILE_DIR_PATH}/Podfile.lock\" \"${PODS_ROOT}/Manifest.lock\" > /dev/null\nif [ $? != 0 ] ; then\n    # print error to STDERR\n    echo \"error: The sandbox is not in sync with the Podfile.lock. Run 'pod install' or update your CocoaPods installation.\" >&2\n    exit 1\nfi\n# This output is used by Xcode 'outputs' to avoid re-running this script phase.\necho \"SUCCESS\" > \"${SCRIPT_OUTPUT_FILE_0}\"\n";
			showEnvVarsInLog = 0;
		};
/* End PBXShellScriptBuildPhase section */

/* Begin PBXSourcesBuildPhase section */
		554CF89A207642230094C321 /* Sources */ = {
			isa = PBXSourcesBuildPhase;
			buildActionMask = 2147483647;
			files = (
				554CF8A2207642230094C321 /* AppDelegate.swift in Sources */,
			);
			runOnlyForDeploymentPostprocessing = 0;
		};
/* End PBXSourcesBuildPhase section */

/* Begin PBXVariantGroup section */
		554CF8A5207642240094C321 /* MainMenu.xib */ = {
			isa = PBXVariantGroup;
			children = (
				554CF8A6207642240094C321 /* Base */,
			);
			name = MainMenu.xib;
			sourceTree = "<group>";
		};
/* End PBXVariantGroup section */

/* Begin XCBuildConfiguration section */
		554CF8AA207642240094C321 /* Debug */ = {
			isa = XCBuildConfiguration;
			buildSettings = {
				ALWAYS_SEARCH_USER_PATHS = NO;
				CLANG_ANALYZER_NONNULL = YES;
				CLANG_ANALYZER_NUMBER_OBJECT_CONVERSION = YES_AGGRESSIVE;
				CLANG_CXX_LANGUAGE_STANDARD = "gnu++14";
				CLANG_CXX_LIBRARY = "libc++";
				CLANG_ENABLE_MODULES = YES;
				CLANG_ENABLE_OBJC_ARC = YES;
				CLANG_ENABLE_OBJC_WEAK = YES;
				CLANG_WARN_BLOCK_CAPTURE_AUTORELEASING = YES;
				CLANG_WARN_BOOL_CONVERSION = YES;
				CLANG_WARN_COMMA = YES;
				CLANG_WARN_CONSTANT_CONVERSION = YES;
				CLANG_WARN_DEPRECATED_OBJC_IMPLEMENTATIONS = YES;
				CLANG_WARN_DIRECT_OBJC_ISA_USAGE = YES_ERROR;
				CLANG_WARN_DOCUMENTATION_COMMENTS = YES;
				CLANG_WARN_EMPTY_BODY = YES;
				CLANG_WARN_ENUM_CONVERSION = YES;
				CLANG_WARN_INFINITE_RECURSION = YES;
				CLANG_WARN_INT_CONVERSION = YES;
				CLANG_WARN_NON_LITERAL_NULL_CONVERSION = YES;
				CLANG_WARN_OBJC_IMPLICIT_RETAIN_SELF = YES;
				CLANG_WARN_OBJC_LITERAL_CONVERSION = YES;
				CLANG_WARN_OBJC_ROOT_CLASS = YES_ERROR;
				CLANG_WARN_RANGE_LOOP_ANALYSIS = YES;
				CLANG_WARN_STRICT_PROTOTYPES = YES;
				CLANG_WARN_SUSPICIOUS_MOVE = YES;
				CLANG_WARN_UNGUARDED_AVAILABILITY = YES_AGGRESSIVE;
				CLANG_WARN_UNREACHABLE_CODE = YES;
				CLANG_WARN__DUPLICATE_METHOD_MATCH = YES;
				CODE_SIGN_IDENTITY = "-";
				COPY_PHASE_STRIP = NO;
				DEBUG_INFORMATION_FORMAT = dwarf;
				ENABLE_STRICT_OBJC_MSGSEND = YES;
				ENABLE_TESTABILITY = YES;
				GCC_C_LANGUAGE_STANDARD = gnu11;
				GCC_DYNAMIC_NO_PIC = NO;
				GCC_NO_COMMON_BLOCKS = YES;
				GCC_OPTIMIZATION_LEVEL = 0;
				GCC_PREPROCESSOR_DEFINITIONS = (
					"DEBUG=1",
					"$(inherited)",
				);
				GCC_WARN_64_TO_32_BIT_CONVERSION = YES;
				GCC_WARN_ABOUT_RETURN_TYPE = YES_ERROR;
				GCC_WARN_UNDECLARED_SELECTOR = YES;
				GCC_WARN_UNINITIALIZED_AUTOS = YES_AGGRESSIVE;
				GCC_WARN_UNUSED_FUNCTION = YES;
				GCC_WARN_UNUSED_VARIABLE = YES;
				MACOSX_DEPLOYMENT_TARGET = 10.10;
				MTL_ENABLE_DEBUG_INFO = YES;
				ONLY_ACTIVE_ARCH = YES;
				SDKROOT = macosx;
				SWIFT_ACTIVE_COMPILATION_CONDITIONS = DEBUG;
				SWIFT_OPTIMIZATION_LEVEL = "-Onone";
			};
			name = Debug;
		};
		554CF8AB207642240094C321 /* Release */ = {
			isa = XCBuildConfiguration;
			buildSettings = {
				ALWAYS_SEARCH_USER_PATHS = NO;
				CLANG_ANALYZER_NONNULL = YES;
				CLANG_ANALYZER_NUMBER_OBJECT_CONVERSION = YES_AGGRESSIVE;
				CLANG_CXX_LANGUAGE_STANDARD = "gnu++14";
				CLANG_CXX_LIBRARY = "libc++";
				CLANG_ENABLE_MODULES = YES;
				CLANG_ENABLE_OBJC_ARC = YES;
				CLANG_ENABLE_OBJC_WEAK = YES;
				CLANG_WARN_BLOCK_CAPTURE_AUTORELEASING = YES;
				CLANG_WARN_BOOL_CONVERSION = YES;
				CLANG_WARN_COMMA = YES;
				CLANG_WARN_CONSTANT_CONVERSION = YES;
				CLANG_WARN_DEPRECATED_OBJC_IMPLEMENTATIONS = YES;
				CLANG_WARN_DIRECT_OBJC_ISA_USAGE = YES_ERROR;
				CLANG_WARN_DOCUMENTATION_COMMENTS = YES;
				CLANG_WARN_EMPTY_BODY = YES;
				CLANG_WARN_ENUM_CONVERSION = YES;
				CLANG_WARN_INFINITE_RECURSION = YES;
				CLANG_WARN_INT_CONVERSION = YES;
				CLANG_WARN_NON_LITERAL_NULL_CONVERSION = YES;
				CLANG_WARN_OBJC_IMPLICIT_RETAIN_SELF = YES;
				CLANG_WARN_OBJC_LITERAL_CONVERSION = YES;
				CLANG_WARN_OBJC_ROOT_CLASS = YES_ERROR;
				CLANG_WARN_RANGE_LOOP_ANALYSIS = YES;
				CLANG_WARN_STRICT_PROTOTYPES = YES;
				CLANG_WARN_SUSPICIOUS_MOVE = YES;
				CLANG_WARN_UNGUARDED_AVAILABILITY = YES_AGGRESSIVE;
				CLANG_WARN_UNREACHABLE_CODE = YES;
				CLANG_WARN__DUPLICATE_METHOD_MATCH = YES;
				CODE_SIGN_IDENTITY = "-";
				COPY_PHASE_STRIP = NO;
				DEBUG_INFORMATION_FORMAT = "dwarf-with-dsym";
				ENABLE_NS_ASSERTIONS = NO;
				ENABLE_STRICT_OBJC_MSGSEND = YES;
				GCC_C_LANGUAGE_STANDARD = gnu11;
				GCC_NO_COMMON_BLOCKS = YES;
				GCC_WARN_64_TO_32_BIT_CONVERSION = YES;
				GCC_WARN_ABOUT_RETURN_TYPE = YES_ERROR;
				GCC_WARN_UNDECLARED_SELECTOR = YES;
				GCC_WARN_UNINITIALIZED_AUTOS = YES_AGGRESSIVE;
				GCC_WARN_UNUSED_FUNCTION = YES;
				GCC_WARN_UNUSED_VARIABLE = YES;
				MACOSX_DEPLOYMENT_TARGET = 10.10;
				MTL_ENABLE_DEBUG_INFO = NO;
				SDKROOT = macosx;
				SWIFT_COMPILATION_MODE = wholemodule;
				SWIFT_OPTIMIZATION_LEVEL = "-O";
			};
			name = Release;
		};
		554CF8AD207642240094C321 /* Debug */ = {
			isa = XCBuildConfiguration;
			baseConfigurationReference = A272D2E9F274E003EF0C8968 /* Pods-TestNSUInteger.debug.xcconfig */;
			buildSettings = {
				ASSETCATALOG_COMPILER_APPICON_NAME = AppIcon;
				CODE_SIGN_ENTITLEMENTS = TestNSUInteger/TestNSUInteger.entitlements;
				CODE_SIGN_STYLE = Automatic;
				COMBINE_HIDPI_IMAGES = YES;
				INFOPLIST_FILE = TestNSUInteger/Info.plist;
				LD_RUNPATH_SEARCH_PATHS = "$(inherited) @executable_path/../Frameworks";
				PRODUCT_BUNDLE_IDENTIFIER = com.maximelemoine.TestNSUInteger;
				PRODUCT_NAME = "$(TARGET_NAME)";
				SWIFT_VERSION = 4.0;
			};
			name = Debug;
		};
		554CF8AE207642240094C321 /* Release */ = {
			isa = XCBuildConfiguration;
			baseConfigurationReference = 047C6A0A3EC0D1DB708568A1 /* Pods-TestNSUInteger.release.xcconfig */;
			buildSettings = {
				ASSETCATALOG_COMPILER_APPICON_NAME = AppIcon;
				CODE_SIGN_ENTITLEMENTS = TestNSUInteger/TestNSUInteger.entitlements;
				CODE_SIGN_STYLE = Automatic;
				COMBINE_HIDPI_IMAGES = YES;
				INFOPLIST_FILE = TestNSUInteger/Info.plist;
				LD_RUNPATH_SEARCH_PATHS = "$(inherited) @executable_path/../Frameworks";
				PRODUCT_BUNDLE_IDENTIFIER = com.maximelemoine.TestNSUInteger;
				PRODUCT_NAME = "$(TARGET_NAME)";
				SWIFT_VERSION = 4.0;
			};
			name = Release;
		};
/* End XCBuildConfiguration section */

/* Begin XCConfigurationList section */
		554CF899207642230094C321 /* Build configuration list for PBXProject "TestNSUInteger" */ = {
			isa = XCConfigurationList;
			buildConfigurations = (
				554CF8AA207642240094C321 /* Debug */,
				554CF8AB207642240094C321 /* Release */,
			);
			defaultConfigurationIsVisible = 0;
			defaultConfigurationName = Release;
		};
		554CF8AC207642240094C321 /* Build configuration list for PBXNativeTarget "TestNSUInteger" */ = {
			isa = XCConfigurationList;
			buildConfigurations = (
				554CF8AD207642240094C321 /* Debug */,
				554CF8AE207642240094C321 /* Release */,
			);
			defaultConfigurationIsVisible = 0;
			defaultConfigurationName = Release;
		};
/* End XCConfigurationList section */
	};
	rootObject = 554CF896207642230094C321 /* Project object */;
}
